
Microsoft Visual Studio Solution File, Format Version 12.00
# Visual Studio Version 17
VisualStudioVersion = 17.4.33213.308
MinimumVisualStudioVersion = 10.0.40219.1
Project("{FAE04EC0-301F-11D3-BF4B-00C04F79EFBC}") = "ClaimApi", "ClaimApi\ClaimApi.csproj", "{44F58ED9-91C4-4368-97AA-61CE0F14AECF}"
EndProject
Global
	GlobalSection(SolutionConfigurationPlatforms) = preSolution
		Debug|Any CPU = Debug|Any CPU
		Release|Any CPU = Release|Any CPU
	EndGlobalSection
	GlobalSection(ProjectConfigurationPlatforms) = postSolution
		{44F58ED9-91C4-4368-97AA-61CE0F14AECF}.Debug|Any CPU.ActiveCfg = Debug|Any CPU
		{44F58ED9-91C4-4368-97AA-61CE0F14AECF}.Debug|Any CPU.Build.0 = Debug|Any CPU
		{44F58ED9-91C4-4368-97AA-61CE0F14AECF}.Release|Any CPU.ActiveCfg = Release|Any CPU
		{44F58ED9-91C4-4368-97AA-61CE0F14AECF}.Release|Any CPU.Build.0 = Release|Any CPU
	EndGlobalSection
	GlobalSection(SolutionProperties) = preSolution
		HideSolutionNode = FALSE
	EndGlobalSection
	GlobalSection(ExtensibilityGlobals) = postSolution
		SolutionGuid = {1B04781C-5CB4-4CD6-86CC-218CEA62EFE9}
	EndGlobalSection
EndGlobal
